{
  "meteor": {},
  "dependencies": {
    "basePackages": {
      "iron-router": {},
      "spin": {},
      "collection2": {},
      "fast-render": {
        "git": "git://github.com/arunoda/meteor-fast-render.git",
        "branch": "master"
      }
    },
    "packages": {
      "iron-router": {
        "git": "https://github.com/EventedMind/iron-router.git",
        "tag": "v0.6.2",
        "commit": "ce56e58b45624dce992490f3a1c10f10d3948bae"
      },
      "spin": {
        "git": "https://github.com/SachaG/meteor-spin.git",
        "tag": "v0.2.2",
        "commit": "3f655f0016228e4195acc784c45d3e3a247dc39f"
      },
      "collection2": {
        "git": "https://github.com/aldeed/meteor-collection2.git",
        "tag": "v0.3.3",
        "commit": "d5c99b1c0fe30778e683175ecb0dd36529e6271e"
      },
      "fast-render": {
        "git": "git://github.com/arunoda/meteor-fast-render.git",
        "branch": "master",
        "commit": "a7b7286acddf83af1995a997749d02ee0fc759f1"
      },
      "simple-schema": {
        "git": "https://github.com/aldeed/meteor-simple-schema.git",
        "tag": "v0.2.28",
        "commit": "29f3a54be67e9b988ad59994ffa152d9559e4695"
      }
    }
  }
}
